hash: 4a4bf605b36984489638d6807399e2bc08f16680aa8e4ae42ad1625316bfa9ac
updated: 2018-11-24T13:16:25.513580171+05:30
imports:
- name: github.com/hashicorp/errwrap
  version: 8a6fb523712970c966eefc6b39ed2c5e74880354
- name: github.com/hashicorp/go-multierror
  version: 886a7fbe3eb1c874d46f623bfa70af45f425b3d1
- name: github.com/mitchellh/go-homedir
  version: ae18d6b8b3205b561c79e8e5f69bff09736185f4
testImports: []
